# Generated by pub
# See http://pub.dartlang.org/doc/glossary.html#lockfile
packages:
  log4dart:
    description: log4dart
    source: hosted
    version: "1.4.8"
  meta:
    description: meta
    source: hosted
    version: "0.5.20"
  sprintf:
    description: sprintf
    source: hosted
    version: "1.0.7"
